
Microsoft Visual Studio Solution File, Format Version 12.00
# Visual Studio Version 17
VisualStudioVersion = 17.11.35312.102
MinimumVisualStudioVersion = 10.0.40219.1
Project("{9A19103F-16F7-4668-BE54-9A1E7A4F7556}") = "PinewoodDemo", "PinewoodDemo\PinewoodDemo.csproj", "{7C425AB6-4311-4AD4-AD02-099088FB7A72}"
EndProject
Project("{9A19103F-16F7-4668-BE54-9A1E7A4F7556}") = "PinewoodDemo.Api", "PinewoodDemo.Api\PinewoodDemo.Api.csproj", "{8FEAF263-8092-4FE3-AC98-42050CF27B13}"
EndProject
Project("{FAE04EC0-301F-11D3-BF4B-00C04F79EFBC}") = "PinewoodDemo.Dto", "PinewoodDemo.Dto\PinewoodDemo.Dto.csproj", "{87C5BE1C-B0F2-4700-93B5-3841C8C8885E}"
EndProject
Project("{FAE04EC0-301F-11D3-BF4B-00C04F79EFBC}") = "PinewoodDemo.Data", "PinewoodDemo.Data\PinewoodDemo.Data.csproj", "{73E36D6B-1AE2-49B2-A6BA-980FD363E39A}"
EndProject
Global
	GlobalSection(SolutionConfigurationPlatforms) = preSolution
		Debug|Any CPU = Debug|Any CPU
		Release|Any CPU = Release|Any CPU
	EndGlobalSection
	GlobalSection(ProjectConfigurationPlatforms) = postSolution
		{7C425AB6-4311-4AD4-AD02-099088FB7A72}.Debug|Any CPU.ActiveCfg = Debug|Any CPU
		{7C425AB6-4311-4AD4-AD02-099088FB7A72}.Debug|Any CPU.Build.0 = Debug|Any CPU
		{7C425AB6-4311-4AD4-AD02-099088FB7A72}.Release|Any CPU.ActiveCfg = Release|Any CPU
		{7C425AB6-4311-4AD4-AD02-099088FB7A72}.Release|Any CPU.Build.0 = Release|Any CPU
		{8FEAF263-8092-4FE3-AC98-42050CF27B13}.Debug|Any CPU.ActiveCfg = Debug|Any CPU
		{8FEAF263-8092-4FE3-AC98-42050CF27B13}.Debug|Any CPU.Build.0 = Debug|Any CPU
		{8FEAF263-8092-4FE3-AC98-42050CF27B13}.Release|Any CPU.ActiveCfg = Release|Any CPU
		{8FEAF263-8092-4FE3-AC98-42050CF27B13}.Release|Any CPU.Build.0 = Release|Any CPU
		{87C5BE1C-B0F2-4700-93B5-3841C8C8885E}.Debug|Any CPU.ActiveCfg = Debug|Any CPU
		{87C5BE1C-B0F2-4700-93B5-3841C8C8885E}.Debug|Any CPU.Build.0 = Debug|Any CPU
		{87C5BE1C-B0F2-4700-93B5-3841C8C8885E}.Release|Any CPU.ActiveCfg = Release|Any CPU
		{87C5BE1C-B0F2-4700-93B5-3841C8C8885E}.Release|Any CPU.Build.0 = Release|Any CPU
		{73E36D6B-1AE2-49B2-A6BA-980FD363E39A}.Debug|Any CPU.ActiveCfg = Debug|Any CPU
		{73E36D6B-1AE2-49B2-A6BA-980FD363E39A}.Debug|Any CPU.Build.0 = Debug|Any CPU
		{73E36D6B-1AE2-49B2-A6BA-980FD363E39A}.Release|Any CPU.ActiveCfg = Release|Any CPU
		{73E36D6B-1AE2-49B2-A6BA-980FD363E39A}.Release|Any CPU.Build.0 = Release|Any CPU
	EndGlobalSection
	GlobalSection(SolutionProperties) = preSolution
		HideSolutionNode = FALSE
	EndGlobalSection
	GlobalSection(ExtensibilityGlobals) = postSolution
		SolutionGuid = {67267824-4FAF-42F5-B40A-0F3C0F7AE989}
	EndGlobalSection
EndGlobal
